// !$*UTF8*$!
{
	archiveVersion = 1;
	classes = {
	};
	objectVersion = 46;
	objects = {

/* Begin PBXBuildFile section */
		F94574101DD5C699007544B2 /* AppDelegate.swift in Sources */ = {isa = PBXBuildFile; fileRef = F945740F1DD5C699007544B2 /* AppDelegate.swift */; };
		F94574121DD5C699007544B2 /* ViewController.swift in Sources */ = {isa = PBXBuildFile; fileRef = F94574111DD5C699007544B2 /* ViewController.swift */; };
		F94574151DD5C699007544B2 /* Main.storyboard in Resources */ = {isa = PBXBuildFile; fileRef = F94574131DD5C699007544B2 /* Main.storyboard */; };
		F94574171DD5C699007544B2 /* Assets.xcassets in Resources */ = {isa = PBXBuildFile; fileRef = F94574161DD5C699007544B2 /* Assets.xcassets */; };
		F945741A1DD5C699007544B2 /* LaunchScreen.storyboard in Resources */ = {isa = PBXBuildFile; fileRef = F94574181DD5C699007544B2 /* LaunchScreen.storyboard */; };
		F94574221DD5C895007544B2 /* TransitonVC.swift in Sources */ = {isa = PBXBuildFile; fileRef = F94574211DD5C895007544B2 /* TransitonVC.swift */; };
/* End PBXBuildFile section */

/* Begin PBXFileReference section */
		F945740C1DD5C699007544B2 /* SOTransition.app */ = {isa = PBXFileReference; explicitFileType = wrapper.application; includeInIndex = 0; path = SOTransition.app; sourceTree = BUILT_PRODUCTS_DIR; };
		F945740F1DD5C699007544B2 /* AppDelegate.swift */ = {isa = PBXFileReference; lastKnownFileType = sourcecode.swift; path = AppDelegate.swift; sourceTree = "<group>"; };
		F94574111DD5C699007544B2 /* ViewController.swift */ = {isa = PBXFileReference; lastKnownFileType = sourcecode.swift; path = ViewController.swift; sourceTree = "<group>"; };
		F94574141DD5C699007544B2 /* Base */ = {isa = PBXFileReference; lastKnownFileType = file.storyboard; name = Base; path = Base.lproj/Main.storyboard; sourceTree = "<group>"; };
		F94574161DD5C699007544B2 /* Assets.xcassets */ = {isa = PBXFileReference; lastKnownFileType = folder.assetcatalog; path = Assets.xcassets; sourceTree = "<group>"; };
		F94574191DD5C699007544B2 /* Base */ = {isa = PBXFileReference; lastKnownFileType = file.storyboard; name = Base; path = Base.lproj/LaunchScreen.storyboard; sourceTree = "<group>"; };
		F945741B1DD5C699007544B2 /* Info.plist */ = {isa = PBXFileReference; lastKnownFileType = text.plist.xml; path = Info.plist; sourceTree = "<group>"; };
		F94574211DD5C895007544B2 /* TransitonVC.swift */ = {isa = PBXFileReference; fileEncoding = 4; lastKnownFileType = sourcecode.swift; path = TransitonVC.swift; sourceTree = "<group>"; };
/* End PBXFileReference section */

/* Begin PBXFrameworksBuildPhase section */
		F94574091DD5C699007544B2 /* Frameworks */ = {
			isa = PBXFrameworksBuildPhase;
			buildActionMask = 2147483647;
			files = (
			);
			runOnlyForDeploymentPostprocessing = 0;
		};
/* End PBXFrameworksBuildPhase section */

/* Begin PBXGroup section */
		F94574031DD5C699007544B2 = {
			isa = PBXGroup;
			children = (
				F945740E1DD5C699007544B2 /* SOTransition */,
				F945740D1DD5C699007544B2 /* Products */,
			);
			sourceTree = "<group>";
		};
		F945740D1DD5C699007544B2 /* Products */ = {
			isa = PBXGroup;
			children = (
				F945740C1DD5C699007544B2 /* SOTransition.app */,
			);
			name = Products;
			sourceTree = "<group>";
		};
		F945740E1DD5C699007544B2 /* SOTransition */ = {
			isa = PBXGroup;
			children = (
				F945740F1DD5C699007544B2 /* AppDelegate.swift */,
				F94574111DD5C699007544B2 /* ViewController.swift */,
				F94574211DD5C895007544B2 /* TransitonVC.swift */,
				F94574131DD5C699007544B2 /* Main.storyboard */,
				F94574161DD5C699007544B2 /* Assets.xcassets */,
				F94574181DD5C699007544B2 /* LaunchScreen.storyboard */,
				F945741B1DD5C699007544B2 /* Info.plist */,
			);
			path = SOTransition;
			sourceTree = "<group>";
		};
/* End PBXGroup section */

/* Begin PBXNativeTarget section */
		F945740B1DD5C699007544B2 /* SOTransition */ = {
			isa = PBXNativeTarget;
			buildConfigurationList = F945741E1DD5C699007544B2 /* Build configuration list for PBXNativeTarget "SOTransition" */;
			buildPhases = (
				F94574081DD5C699007544B2 /* Sources */,
				F94574091DD5C699007544B2 /* Frameworks */,
				F945740A1DD5C699007544B2 /* Resources */,
			);
			buildRules = (
			);
			dependencies = (
			);
			name = SOTransition;
			productName = SOTransition;
			productReference = F945740C1DD5C699007544B2 /* SOTransition.app */;
			productType = "com.apple.product-type.application";
		};
/* End PBXNativeTarget section */

/* Begin PBXProject section */
		F94574041DD5C699007544B2 /* Project object */ = {
			isa = PBXProject;
			attributes = {
				LastSwiftUpdateCheck = 0730;
				LastUpgradeCheck = 0730;
				ORGANIZATIONNAME = myCompany;
				TargetAttributes = {
					F945740B1DD5C699007544B2 = {
						CreatedOnToolsVersion = 7.3;
					};
				};
			};
			buildConfigurationList = F94574071DD5C699007544B2 /* Build configuration list for PBXProject "SOTransition" */;
			compatibilityVersion = "Xcode 3.2";
			developmentRegion = English;
			hasScannedForEncodings = 0;
			knownRegions = (
				en,
				Base,
			);
			mainGroup = F94574031DD5C699007544B2;
			productRefGroup = F945740D1DD5C699007544B2 /* Products */;
			projectDirPath = "";
			projectRoot = "";
			targets = (
				F945740B1DD5C699007544B2 /* SOTransition */,
			);
		};
/* End PBXProject section */

/* Begin PBXResourcesBuildPhase section */
		F945740A1DD5C699007544B2 /* Resources */ = {
			isa = PBXResourcesBuildPhase;
			buildActionMask = 2147483647;
			files = (
				F945741A1DD5C699007544B2 /* LaunchScreen.storyboard in Resources */,
				F94574171DD5C699007544B2 /* Assets.xcassets in Resources */,
				F94574151DD5C699007544B2 /* Main.storyboard in Resources */,
			);
			runOnlyForDeploymentPostprocessing = 0;
		};
/* End PBXResourcesBuildPhase section */

/* Begin PBXSourcesBuildPhase section */
		F94574081DD5C699007544B2 /* Sources */ = {
			isa = PBXSourcesBuildPhase;
			buildActionMask = 2147483647;
			files = (
				F94574221DD5C895007544B2 /* TransitonVC.swift in Sources */,
				F94574121DD5C699007544B2 /* ViewController.swift in Sources */,
				F94574101DD5C699007544B2 /* AppDelegate.swift in Sources */,
			);
			runOnlyForDeploymentPostprocessing = 0;
		};
/* End PBXSourcesBuildPhase section */

/* Begin PBXVariantGroup section */
		F94574131DD5C699007544B2 /* Main.storyboard */ = {
			isa = PBXVariantGroup;
			children = (
				F94574141DD5C699007544B2 /* Base */,
			);
			name = Main.storyboard;
			sourceTree = "<group>";
		};
		F94574181DD5C699007544B2 /* LaunchScreen.storyboard */ = {
			isa = PBXVariantGroup;
			children = (
				F94574191DD5C699007544B2 /* Base */,
			);
			name = LaunchScreen.storyboard;
			sourceTree = "<group>";
		};
/* End PBXVariantGroup section */

/* Begin XCBuildConfiguration section */
		F945741C1DD5C699007544B2 /* Debug */ = {
			isa = XCBuildConfiguration;
			buildSettings = {
				ALWAYS_SEARCH_USER_PATHS = NO;
				CLANG_ANALYZER_NONNULL = YES;
				CLANG_CXX_LANGUAGE_STANDARD = "gnu++0x";
				CLANG_CXX_LIBRARY = "libc++";
				CLANG_ENABLE_MODULES = YES;
				CLANG_ENABLE_OBJC_ARC = YES;
				CLANG_WARN_BOOL_CONVERSION = YES;
				CLANG_WARN_CONSTANT_CONVERSION = YES;
				CLANG_WARN_DIRECT_OBJC_ISA_USAGE = YES_ERROR;
				CLANG_WARN_EMPTY_BODY = YES;
				CLANG_WARN_ENUM_CONVERSION = YES;
				CLANG_WARN_INT_CONVERSION = YES;
				CLANG_WARN_OBJC_ROOT_CLASS = YES_ERROR;
				CLANG_WARN_UNREACHABLE_CODE = YES;
				CLANG_WARN__DUPLICATE_METHOD_MATCH = YES;
				"CODE_SIGN_IDENTITY[sdk=iphoneos*]" = "iPhone Developer";
				COPY_PHASE_STRIP = NO;
				DEBUG_INFORMATION_FORMAT = dwarf;
				ENABLE_STRICT_OBJC_MSGSEND = YES;
				ENABLE_TESTABILITY = YES;
				GCC_C_LANGUAGE_STANDARD = gnu99;
				GCC_DYNAMIC_NO_PIC = NO;
				GCC_NO_COMMON_BLOCKS = YES;
				GCC_OPTIMIZATION_LEVEL = 0;
				GCC_PREPROCESSOR_DEFINITIONS = (
					"DEBUG=1",
					"$(inherited)",
				);
				GCC_WARN_64_TO_32_BIT_CONVERSION = YES;
				GCC_WARN_ABOUT_RETURN_TYPE = YES_ERROR;
				GCC_WARN_UNDECLARED_SELECTOR = YES;
				GCC_WARN_UNINITIALIZED_AUTOS = YES_AGGRESSIVE;
				GCC_WARN_UNUSED_FUNCTION = YES;
				GCC_WARN_UNUSED_VARIABLE = YES;
				IPHONEOS_DEPLOYMENT_TARGET = 9.3;
				MTL_ENABLE_DEBUG_INFO = YES;
				ONLY_ACTIVE_ARCH = YES;
				SDKROOT = iphoneos;
				SWIFT_OPTIMIZATION_LEVEL = "-Onone";
			};
			name = Debug;
		};
		F945741D1DD5C699007544B2 /* Release */ = {
			isa = XCBuildConfiguration;
			buildSettings = {
				ALWAYS_SEARCH_USER_PATHS = NO;
				CLANG_ANALYZER_NONNULL = YES;
				CLANG_CXX_LANGUAGE_STANDARD = "gnu++0x";
				CLANG_CXX_LIBRARY = "libc++";
				CLANG_ENABLE_MODULES = YES;
				CLANG_ENABLE_OBJC_ARC = YES;
				CLANG_WARN_BOOL_CONVERSION = YES;
				CLANG_WARN_CONSTANT_CONVERSION = YES;
				CLANG_WARN_DIRECT_OBJC_ISA_USAGE = YES_ERROR;
				CLANG_WARN_EMPTY_BODY = YES;
				CLANG_WARN_ENUM_CONVERSION = YES;
				CLANG_WARN_INT_CONVERSION = YES;
				CLANG_WARN_OBJC_ROOT_CLASS = YES_ERROR;
				CLANG_WARN_UNREACHABLE_CODE = YES;
				CLANG_WARN__DUPLICATE_METHOD_MATCH = YES;
				"CODE_SIGN_IDENTITY[sdk=iphoneos*]" = "iPhone Developer";
				COPY_PHASE_STRIP = NO;
				DEBUG_INFORMATION_FORMAT = "dwarf-with-dsym";
				ENABLE_NS_ASSERTIONS = NO;
				ENABLE_STRICT_OBJC_MSGSEND = YES;
				GCC_C_LANGUAGE_STANDARD = gnu99;
				GCC_NO_COMMON_BLOCKS = YES;
				GCC_WARN_64_TO_32_BIT_CONVERSION = YES;
				GCC_WARN_ABOUT_RETURN_TYPE = YES_ERROR;
				GCC_WARN_UNDECLARED_SELECTOR = YES;
				GCC_WARN_UNINITIALIZED_AUTOS = YES_AGGRESSIVE;
				GCC_WARN_UNUSED_FUNCTION = YES;
				GCC_WARN_UNUSED_VARIABLE = YES;
				IPHONEOS_DEPLOYMENT_TARGET = 9.3;
				MTL_ENABLE_DEBUG_INFO = NO;
				SDKROOT = iphoneos;
				VALIDATE_PRODUCT = YES;
			};
			name = Release;
		};
		F945741F1DD5C699007544B2 /* Debug */ = {
			isa = XCBuildConfiguration;
			buildSettings = {
				ASSETCATALOG_COMPILER_APPICON_NAME = AppIcon;
				INFOPLIST_FILE = SOTransition/Info.plist;
				LD_RUNPATH_SEARCH_PATHS = "$(inherited) @executable_path/Frameworks";
				PRODUCT_BUNDLE_IDENTIFIER = com.extention.SOTransition;
				PRODUCT_NAME = "$(TARGET_NAME)";
			};
			name = Debug;
		};
		F94574201DD5C699007544B2 /* Release */ = {
			isa = XCBuildConfiguration;
			buildSettings = {
				ASSETCATALOG_COMPILER_APPICON_NAME = AppIcon;
				INFOPLIST_FILE = SOTransition/Info.plist;
				LD_RUNPATH_SEARCH_PATHS = "$(inherited) @executable_path/Frameworks";
				PRODUCT_BUNDLE_IDENTIFIER = com.extention.SOTransition;
				PRODUCT_NAME = "$(TARGET_NAME)";
			};
			name = Release;
		};
/* End XCBuildConfiguration section */

/* Begin XCConfigurationList section */
		F94574071DD5C699007544B2 /* Build configuration list for PBXProject "SOTransition" */ = {
			isa = XCConfigurationList;
			buildConfigurations = (
				F945741C1DD5C699007544B2 /* Debug */,
				F945741D1DD5C699007544B2 /* Release */,
			);
			defaultConfigurationIsVisible = 0;
			defaultConfigurationName = Release;
		};
		F945741E1DD5C699007544B2 /* Build configuration list for PBXNativeTarget "SOTransition" */ = {
			isa = XCConfigurationList;
			buildConfigurations = (
				F945741F1DD5C699007544B2 /* Debug */,
				F94574201DD5C699007544B2 /* Release */,
			);
			defaultConfigurationIsVisible = 0;
		};
/* End XCConfigurationList section */
	};
	rootObject = F94574041DD5C699007544B2 /* Project object */;
}
